
Microsoft Visual Studio Solution File, Format Version 12.00
# Visual Studio Version 17
VisualStudioVersion = 17.6.33815.320
MinimumVisualStudioVersion = 10.0.40219.1
Project("{FAE04EC0-301F-11D3-BF4B-00C04F79EFBC}") = "ICRYPEX.Net", "ICRYPEX.Net\ICRYPEX.Net.csproj", "{975F6C0F-6039-46F7-BAB6-6315CD3D5943}"
EndProject
Global
	GlobalSection(SolutionConfigurationPlatforms) = preSolution
		Debug|Any CPU = Debug|Any CPU
		Release|Any CPU = Release|Any CPU
	EndGlobalSection
	GlobalSection(ProjectConfigurationPlatforms) = postSolution
		{975F6C0F-6039-46F7-BAB6-6315CD3D5943}.Debug|Any CPU.ActiveCfg = Debug|Any CPU
		{975F6C0F-6039-46F7-BAB6-6315CD3D5943}.Debug|Any CPU.Build.0 = Debug|Any CPU
		{975F6C0F-6039-46F7-BAB6-6315CD3D5943}.Release|Any CPU.ActiveCfg = Release|Any CPU
		{975F6C0F-6039-46F7-BAB6-6315CD3D5943}.Release|Any CPU.Build.0 = Release|Any CPU
	EndGlobalSection
	GlobalSection(SolutionProperties) = preSolution
		HideSolutionNode = FALSE
	EndGlobalSection
	GlobalSection(ExtensibilityGlobals) = postSolution
		SolutionGuid = {16B17255-7A3C-4444-AD55-E0D85B29CA70}
	EndGlobalSection
EndGlobal
